
Microsoft Visual Studio Solution File, Format Version 12.00
# Visual Studio Version 17
VisualStudioVersion = 17.5.002.0
MinimumVisualStudioVersion = 10.0.40219.1
Project("{9A19103F-16F7-4668-BE54-9A1E7A4F7556}") = "Assignment 4 C#", "Assignment 4 C#.csproj", "{B845F0C3-DF83-485F-87FF-5903771A0672}"
EndProject
Global
	GlobalSection(SolutionConfigurationPlatforms) = preSolution
		Debug|Any CPU = Debug|Any CPU
		Release|Any CPU = Release|Any CPU
	EndGlobalSection
	GlobalSection(ProjectConfigurationPlatforms) = postSolution
		{B845F0C3-DF83-485F-87FF-5903771A0672}.Debug|Any CPU.ActiveCfg = Debug|Any CPU
		{B845F0C3-DF83-485F-87FF-5903771A0672}.Debug|Any CPU.Build.0 = Debug|Any CPU
		{B845F0C3-DF83-485F-87FF-5903771A0672}.Release|Any CPU.ActiveCfg = Release|Any CPU
		{B845F0C3-DF83-485F-87FF-5903771A0672}.Release|Any CPU.Build.0 = Release|Any CPU
	EndGlobalSection
	GlobalSection(SolutionProperties) = preSolution
		HideSolutionNode = FALSE
	EndGlobalSection
	GlobalSection(ExtensibilityGlobals) = postSolution
		SolutionGuid = {0E9D9270-01A5-449A-BF1B-C29329F39D87}
	EndGlobalSection
EndGlobal
